
Microsoft Visual Studio Solution File, Format Version 12.00
# Visual Studio 15
VisualStudioVersion = 15.0.27703.2035
MinimumVisualStudioVersion = 10.0.40219.1
Project("{FAE04EC0-301F-11D3-BF4B-00C04F79EFBC}") = "CSharpExceptionHandlingConsoleApp", "CSharpExceptionHandlingConsoleApp\CSharpExceptionHandlingConsoleApp.csproj", "{F8823374-D259-4D36-AE96-07A907BC0761}"
EndProject
Global
	GlobalSection(SolutionConfigurationPlatforms) = preSolution
		Debug|Any CPU = Debug|Any CPU
		Release|Any CPU = Release|Any CPU
	EndGlobalSection
	GlobalSection(ProjectConfigurationPlatforms) = postSolution
		{F8823374-D259-4D36-AE96-07A907BC0761}.Debug|Any CPU.ActiveCfg = Debug|Any CPU
		{F8823374-D259-4D36-AE96-07A907BC0761}.Debug|Any CPU.Build.0 = Debug|Any CPU
		{F8823374-D259-4D36-AE96-07A907BC0761}.Release|Any CPU.ActiveCfg = Release|Any CPU
		{F8823374-D259-4D36-AE96-07A907BC0761}.Release|Any CPU.Build.0 = Release|Any CPU
	EndGlobalSection
	GlobalSection(SolutionProperties) = preSolution
		HideSolutionNode = FALSE
	EndGlobalSection
	GlobalSection(ExtensibilityGlobals) = postSolution
		SolutionGuid = {006E6EA5-2228-45B4-8B6E-74AD2A74905F}
	EndGlobalSection
EndGlobal
